
Microsoft Visual Studio Solution File, Format Version 12.00
# Visual Studio 15
VisualStudioVersion = 15.0.26228.9
MinimumVisualStudioVersion = 10.0.40219.1
Project("{FAE04EC0-301F-11D3-BF4B-00C04F79EFBC}") = "SimplyGit", "SimplyGit\SimplyGit.csproj", "{F936865A-EE67-4A4D-94BE-2AFC4428863C}"
EndProject
Project("{FAE04EC0-301F-11D3-BF4B-00C04F79EFBC}") = "SimplyGit.Models", "SimplyGit.Models\SimplyGit.Models.csproj", "{7A152650-747E-4934-AD37-E4E8C3D6963D}"
EndProject
Project("{FAE04EC0-301F-11D3-BF4B-00C04F79EFBC}") = "SimplyGit.Infrastructure", "Infrastructure\SimplyGit.Infrastructure.csproj", "{671FDF98-AFE5-4C31-980E-E2BB4C42551F}"
EndProject
Global
	GlobalSection(SolutionConfigurationPlatforms) = preSolution
		Debug|Any CPU = Debug|Any CPU
		Release|Any CPU = Release|Any CPU
	EndGlobalSection
	GlobalSection(ProjectConfigurationPlatforms) = postSolution
		{F936865A-EE67-4A4D-94BE-2AFC4428863C}.Debug|Any CPU.ActiveCfg = Debug|Any CPU
		{F936865A-EE67-4A4D-94BE-2AFC4428863C}.Debug|Any CPU.Build.0 = Debug|Any CPU
		{F936865A-EE67-4A4D-94BE-2AFC4428863C}.Release|Any CPU.ActiveCfg = Release|Any CPU
		{F936865A-EE67-4A4D-94BE-2AFC4428863C}.Release|Any CPU.Build.0 = Release|Any CPU
		{7A152650-747E-4934-AD37-E4E8C3D6963D}.Debug|Any CPU.ActiveCfg = Debug|Any CPU
		{7A152650-747E-4934-AD37-E4E8C3D6963D}.Debug|Any CPU.Build.0 = Debug|Any CPU
		{7A152650-747E-4934-AD37-E4E8C3D6963D}.Release|Any CPU.ActiveCfg = Release|Any CPU
		{7A152650-747E-4934-AD37-E4E8C3D6963D}.Release|Any CPU.Build.0 = Release|Any CPU
		{671FDF98-AFE5-4C31-980E-E2BB4C42551F}.Debug|Any CPU.ActiveCfg = Debug|Any CPU
		{671FDF98-AFE5-4C31-980E-E2BB4C42551F}.Debug|Any CPU.Build.0 = Debug|Any CPU
		{671FDF98-AFE5-4C31-980E-E2BB4C42551F}.Release|Any CPU.ActiveCfg = Release|Any CPU
		{671FDF98-AFE5-4C31-980E-E2BB4C42551F}.Release|Any CPU.Build.0 = Release|Any CPU
	EndGlobalSection
	GlobalSection(SolutionProperties) = preSolution
		HideSolutionNode = FALSE
	EndGlobalSection
EndGlobal
